
Microsoft Visual Studio Solution File, Format Version 11.00
# Visual Studio 2010
Project("{FAE04EC0-301F-11D3-BF4B-00C04F79EFBC}") = "ConfigNetAdapter.WinForms", "ConfigNetAdapter.WinForms\ConfigNetAdapter.WinForms.csproj", "{95723773-30A8-44EC-96AE-AC0D937A7991}"
EndProject
Project("{FAE04EC0-301F-11D3-BF4B-00C04F79EFBC}") = "ConfigNetAdapter.BO", "ConfigNetAdapter.BO\ConfigNetAdapter.BO.csproj", "{479E64F9-4521-4071-8521-AC4E6E30053E}"
EndProject
Project("{54435603-DBB4-11D2-8724-00A0C9A8B90C}") = "ConfigNetAdapterSetup", "Setup1\Setup1.vdproj", "{B514AB41-998D-4BAC-9971-5976ADCBBBDE}"
EndProject
Global
	GlobalSection(SolutionConfigurationPlatforms) = preSolution
		Debug|Any CPU = Debug|Any CPU
		Release|Any CPU = Release|Any CPU
	EndGlobalSection
	GlobalSection(ProjectConfigurationPlatforms) = postSolution
		{95723773-30A8-44EC-96AE-AC0D937A7991}.Debug|Any CPU.ActiveCfg = Debug|Any CPU
		{95723773-30A8-44EC-96AE-AC0D937A7991}.Debug|Any CPU.Build.0 = Debug|Any CPU
		{95723773-30A8-44EC-96AE-AC0D937A7991}.Release|Any CPU.ActiveCfg = Release|Any CPU
		{95723773-30A8-44EC-96AE-AC0D937A7991}.Release|Any CPU.Build.0 = Release|Any CPU
		{479E64F9-4521-4071-8521-AC4E6E30053E}.Debug|Any CPU.ActiveCfg = Debug|Any CPU
		{479E64F9-4521-4071-8521-AC4E6E30053E}.Debug|Any CPU.Build.0 = Debug|Any CPU
		{479E64F9-4521-4071-8521-AC4E6E30053E}.Release|Any CPU.ActiveCfg = Release|Any CPU
		{479E64F9-4521-4071-8521-AC4E6E30053E}.Release|Any CPU.Build.0 = Release|Any CPU
		{B514AB41-998D-4BAC-9971-5976ADCBBBDE}.Debug|Any CPU.ActiveCfg = Debug
		{B514AB41-998D-4BAC-9971-5976ADCBBBDE}.Release|Any CPU.ActiveCfg = Release
	EndGlobalSection
	GlobalSection(SolutionProperties) = preSolution
		HideSolutionNode = FALSE
	EndGlobalSection
EndGlobal
